// !$*UTF8*$!
{
	archiveVersion = 1;
	classes = {
	};
	objectVersion = 55;
	objects = {

/* Begin PBXBuildFile section */
		07AAE4A827625000008914CF /* AppDelegate.swift in Sources */ = {isa = PBXBuildFile; fileRef = 07AAE4A727625000008914CF /* AppDelegate.swift */; };
		07AAE4AA27625000008914CF /* SceneDelegate.swift in Sources */ = {isa = PBXBuildFile; fileRef = 07AAE4A927625000008914CF /* SceneDelegate.swift */; };
		07AAE4AC27625000008914CF /* ViewController.swift in Sources */ = {isa = PBXBuildFile; fileRef = 07AAE4AB27625000008914CF /* ViewController.swift */; };
		07AAE4AF27625000008914CF /* Main.storyboard in Resources */ = {isa = PBXBuildFile; fileRef = 07AAE4AD27625000008914CF /* Main.storyboard */; };
		07AAE4B127625005008914CF /* Assets.xcassets in Resources */ = {isa = PBXBuildFile; fileRef = 07AAE4B027625005008914CF /* Assets.xcassets */; };
		07AAE4B427625005008914CF /* LaunchScreen.storyboard in Resources */ = {isa = PBXBuildFile; fileRef = 07AAE4B227625005008914CF /* LaunchScreen.storyboard */; };
		07AAE4BF27625005008914CF /* iOSTestTests.swift in Sources */ = {isa = PBXBuildFile; fileRef = 07AAE4BE27625005008914CF /* iOSTestTests.swift */; };
		07AAE4C927625005008914CF /* iOSTestUITests.swift in Sources */ = {isa = PBXBuildFile; fileRef = 07AAE4C827625005008914CF /* iOSTestUITests.swift */; };
		07AAE4CB27625005008914CF /* iOSTestUITestsLaunchTests.swift in Sources */ = {isa = PBXBuildFile; fileRef = 07AAE4CA27625005008914CF /* iOSTestUITestsLaunchTests.swift */; };
		0EA00A5EA8731C37730740F3 /* Pods_iOSTest.framework in Frameworks */ = {isa = PBXBuildFile; fileRef = BB57E054CB2157A6C67E7325 /* Pods_iOSTest.framework */; };
		7180FFEEFF59A578F170D488 /* Pods_iOSTestTests.framework in Frameworks */ = {isa = PBXBuildFile; fileRef = EB1474D785AE0C4D52518A63 /* Pods_iOSTestTests.framework */; };
		D2262C08E05EC775D08FCEDC /* Pods_iOSTest_iOSTestUITests.framework in Frameworks */ = {isa = PBXBuildFile; fileRef = A2E98C902E203430ECB363FB /* Pods_iOSTest_iOSTestUITests.framework */; };
/* End PBXBuildFile section */

/* Begin PBXContainerItemProxy section */
		07AAE4BB27625005008914CF /* PBXContainerItemProxy */ = {
			isa = PBXContainerItemProxy;
			containerPortal = 07AAE49C27625000008914CF /* Project object */;
			proxyType = 1;
			remoteGlobalIDString = 07AAE4A327625000008914CF;
			remoteInfo = iOSTest;
		};
		07AAE4C527625005008914CF /* PBXContainerItemProxy */ = {
			isa = PBXContainerItemProxy;
			containerPortal = 07AAE49C27625000008914CF /* Project object */;
			proxyType = 1;
			remoteGlobalIDString = 07AAE4A327625000008914CF;
			remoteInfo = iOSTest;
		};
/* End PBXContainerItemProxy section */

/* Begin PBXFileReference section */
		056AFA10C8E6438BD399E1B0 /* Pods-iOSTestTests.debug.xcconfig */ = {isa = PBXFileReference; includeInIndex = 1; lastKnownFileType = text.xcconfig; name = "Pods-iOSTestTests.debug.xcconfig"; path = "Target Support Files/Pods-iOSTestTests/Pods-iOSTestTests.debug.xcconfig"; sourceTree = "<group>"; };
		06645CA9E80EFE505C23777E /* Pods-iOSTest.debug.xcconfig */ = {isa = PBXFileReference; includeInIndex = 1; lastKnownFileType = text.xcconfig; name = "Pods-iOSTest.debug.xcconfig"; path = "Target Support Files/Pods-iOSTest/Pods-iOSTest.debug.xcconfig"; sourceTree = "<group>"; };
		07AAE4A427625000008914CF /* iOSTest.app */ = {isa = PBXFileReference; explicitFileType = wrapper.application; includeInIndex = 0; path = iOSTest.app; sourceTree = BUILT_PRODUCTS_DIR; };
		07AAE4A727625000008914CF /* AppDelegate.swift */ = {isa = PBXFileReference; lastKnownFileType = sourcecode.swift; path = AppDelegate.swift; sourceTree = "<group>"; };
		07AAE4A927625000008914CF /* SceneDelegate.swift */ = {isa = PBXFileReference; lastKnownFileType = sourcecode.swift; path = SceneDelegate.swift; sourceTree = "<group>"; };
		07AAE4AB27625000008914CF /* ViewController.swift */ = {isa = PBXFileReference; lastKnownFileType = sourcecode.swift; path = ViewController.swift; sourceTree = "<group>"; };
		07AAE4AE27625000008914CF /* Base */ = {isa = PBXFileReference; lastKnownFileType = file.storyboard; name = Base; path = Base.lproj/Main.storyboard; sourceTree = "<group>"; };
		07AAE4B027625005008914CF /* Assets.xcassets */ = {isa = PBXFileReference; lastKnownFileType = folder.assetcatalog; path = Assets.xcassets; sourceTree = "<group>"; };
		07AAE4B327625005008914CF /* Base */ = {isa = PBXFileReference; lastKnownFileType = file.storyboard; name = Base; path = Base.lproj/LaunchScreen.storyboard; sourceTree = "<group>"; };
		07AAE4B527625005008914CF /* Info.plist */ = {isa = PBXFileReference; lastKnownFileType = text.plist.xml; path = Info.plist; sourceTree = "<group>"; };
		07AAE4BA27625005008914CF /* iOSTestTests.xctest */ = {isa = PBXFileReference; explicitFileType = wrapper.cfbundle; includeInIndex = 0; path = iOSTestTests.xctest; sourceTree = BUILT_PRODUCTS_DIR; };
		07AAE4BE27625005008914CF /* iOSTestTests.swift */ = {isa = PBXFileReference; lastKnownFileType = sourcecode.swift; path = iOSTestTests.swift; sourceTree = "<group>"; };
		07AAE4C427625005008914CF /* iOSTestUITests.xctest */ = {isa = PBXFileReference; explicitFileType = wrapper.cfbundle; includeInIndex = 0; path = iOSTestUITests.xctest; sourceTree = BUILT_PRODUCTS_DIR; };
		07AAE4C827625005008914CF /* iOSTestUITests.swift */ = {isa = PBXFileReference; lastKnownFileType = sourcecode.swift; path = iOSTestUITests.swift; sourceTree = "<group>"; };
		07AAE4CA27625005008914CF /* iOSTestUITestsLaunchTests.swift */ = {isa = PBXFileReference; lastKnownFileType = sourcecode.swift; path = iOSTestUITestsLaunchTests.swift; sourceTree = "<group>"; };
		0BAB5E1209A030AD04EB9173 /* Pods-iOSTest.release.xcconfig */ = {isa = PBXFileReference; includeInIndex = 1; lastKnownFileType = text.xcconfig; name = "Pods-iOSTest.release.xcconfig"; path = "Target Support Files/Pods-iOSTest/Pods-iOSTest.release.xcconfig"; sourceTree = "<group>"; };
		1444DE8DC2BAC0D04AA740E0 /* Pods-iOSTest-iOSTestUITests.debug.xcconfig */ = {isa = PBXFileReference; includeInIndex = 1; lastKnownFileType = text.xcconfig; name = "Pods-iOSTest-iOSTestUITests.debug.xcconfig"; path = "Target Support Files/Pods-iOSTest-iOSTestUITests/Pods-iOSTest-iOSTestUITests.debug.xcconfig"; sourceTree = "<group>"; };
		196F1F13D6FF7D25D271C678 /* Pods-iOSTest-iOSTestUITests.release.xcconfig */ = {isa = PBXFileReference; includeInIndex = 1; lastKnownFileType = text.xcconfig; name = "Pods-iOSTest-iOSTestUITests.release.xcconfig"; path = "Target Support Files/Pods-iOSTest-iOSTestUITests/Pods-iOSTest-iOSTestUITests.release.xcconfig"; sourceTree = "<group>"; };
		63430D5E11819E4125E9A299 /* Pods-iOSTestTests.release.xcconfig */ = {isa = PBXFileReference; includeInIndex = 1; lastKnownFileType = text.xcconfig; name = "Pods-iOSTestTests.release.xcconfig"; path = "Target Support Files/Pods-iOSTestTests/Pods-iOSTestTests.release.xcconfig"; sourceTree = "<group>"; };
		A2E98C902E203430ECB363FB /* Pods_iOSTest_iOSTestUITests.framework */ = {isa = PBXFileReference; explicitFileType = wrapper.framework; includeInIndex = 0; path = Pods_iOSTest_iOSTestUITests.framework; sourceTree = BUILT_PRODUCTS_DIR; };
		BB57E054CB2157A6C67E7325 /* Pods_iOSTest.framework */ = {isa = PBXFileReference; explicitFileType = wrapper.framework; includeInIndex = 0; path = Pods_iOSTest.framework; sourceTree = BUILT_PRODUCTS_DIR; };
		EB1474D785AE0C4D52518A63 /* Pods_iOSTestTests.framework */ = {isa = PBXFileReference; explicitFileType = wrapper.framework; includeInIndex = 0; path = Pods_iOSTestTests.framework; sourceTree = BUILT_PRODUCTS_DIR; };
/* End PBXFileReference section */

/* Begin PBXFrameworksBuildPhase section */
		07AAE4A127625000008914CF /* Frameworks */ = {
			isa = PBXFrameworksBuildPhase;
			buildActionMask = 2147483647;
			files = (
				0EA00A5EA8731C37730740F3 /* Pods_iOSTest.framework in Frameworks */,
			);
			runOnlyForDeploymentPostprocessing = 0;
		};
		07AAE4B727625005008914CF /* Frameworks */ = {
			isa = PBXFrameworksBuildPhase;
			buildActionMask = 2147483647;
			files = (
				7180FFEEFF59A578F170D488 /* Pods_iOSTestTests.framework in Frameworks */,
			);
			runOnlyForDeploymentPostprocessing = 0;
		};
		07AAE4C127625005008914CF /* Frameworks */ = {
			isa = PBXFrameworksBuildPhase;
			buildActionMask = 2147483647;
			files = (
				D2262C08E05EC775D08FCEDC /* Pods_iOSTest_iOSTestUITests.framework in Frameworks */,
			);
			runOnlyForDeploymentPostprocessing = 0;
		};
/* End PBXFrameworksBuildPhase section */

/* Begin PBXGroup section */
		0072FB0A234BC26F9E6A3275 /* Frameworks */ = {
			isa = PBXGroup;
			children = (
				BB57E054CB2157A6C67E7325 /* Pods_iOSTest.framework */,
				A2E98C902E203430ECB363FB /* Pods_iOSTest_iOSTestUITests.framework */,
				EB1474D785AE0C4D52518A63 /* Pods_iOSTestTests.framework */,
			);
			name = Frameworks;
			sourceTree = "<group>";
		};
		07AAE49B27625000008914CF = {
			isa = PBXGroup;
			children = (
				07AAE4A627625000008914CF /* iOSTest */,
				07AAE4BD27625005008914CF /* iOSTestTests */,
				07AAE4C727625005008914CF /* iOSTestUITests */,
				07AAE4A527625000008914CF /* Products */,
				DC54F28D23DA3209F5FB71B5 /* Pods */,
				0072FB0A234BC26F9E6A3275 /* Frameworks */,
			);
			sourceTree = "<group>";
		};
		07AAE4A527625000008914CF /* Products */ = {
			isa = PBXGroup;
			children = (
				07AAE4A427625000008914CF /* iOSTest.app */,
				07AAE4BA27625005008914CF /* iOSTestTests.xctest */,
				07AAE4C427625005008914CF /* iOSTestUITests.xctest */,
			);
			name = Products;
			sourceTree = "<group>";
		};
		07AAE4A627625000008914CF /* iOSTest */ = {
			isa = PBXGroup;
			children = (
				07AAE4A727625000008914CF /* AppDelegate.swift */,
				07AAE4A927625000008914CF /* SceneDelegate.swift */,
				07AAE4AB27625000008914CF /* ViewController.swift */,
				07AAE4AD27625000008914CF /* Main.storyboard */,
				07AAE4B027625005008914CF /* Assets.xcassets */,
				07AAE4B227625005008914CF /* LaunchScreen.storyboard */,
				07AAE4B527625005008914CF /* Info.plist */,
			);
			path = iOSTest;
			sourceTree = "<group>";
		};
		07AAE4BD27625005008914CF /* iOSTestTests */ = {
			isa = PBXGroup;
			children = (
				07AAE4BE27625005008914CF /* iOSTestTests.swift */,
			);
			path = iOSTestTests;
			sourceTree = "<group>";
		};
		07AAE4C727625005008914CF /* iOSTestUITests */ = {
			isa = PBXGroup;
			children = (
				07AAE4C827625005008914CF /* iOSTestUITests.swift */,
				07AAE4CA27625005008914CF /* iOSTestUITestsLaunchTests.swift */,
			);
			path = iOSTestUITests;
			sourceTree = "<group>";
		};
		DC54F28D23DA3209F5FB71B5 /* Pods */ = {
			isa = PBXGroup;
			children = (
				06645CA9E80EFE505C23777E /* Pods-iOSTest.debug.xcconfig */,
				0BAB5E1209A030AD04EB9173 /* Pods-iOSTest.release.xcconfig */,
				1444DE8DC2BAC0D04AA740E0 /* Pods-iOSTest-iOSTestUITests.debug.xcconfig */,
				196F1F13D6FF7D25D271C678 /* Pods-iOSTest-iOSTestUITests.release.xcconfig */,
				056AFA10C8E6438BD399E1B0 /* Pods-iOSTestTests.debug.xcconfig */,
				63430D5E11819E4125E9A299 /* Pods-iOSTestTests.release.xcconfig */,
			);
			name = Pods;
			path = Pods;
			sourceTree = "<group>";
		};
/* End PBXGroup section */

/* Begin PBXNativeTarget section */
		07AAE4A327625000008914CF /* iOSTest */ = {
			isa = PBXNativeTarget;
			buildConfigurationList = 07AAE4CE27625005008914CF /* Build configuration list for PBXNativeTarget "iOSTest" */;
			buildPhases = (
				4966F4A7F8419609EE1FE1E2 /* [CP] Check Pods Manifest.lock */,
				07AAE4A027625000008914CF /* Sources */,
				07AAE4A127625000008914CF /* Frameworks */,
				07AAE4A227625000008914CF /* Resources */,
				339654DB604EA6D3288802EE /* [CP] Copy Pods Resources */,
			);
			buildRules = (
			);
			dependencies = (
			);
			name = iOSTest;
			productName = iOSTest;
			productReference = 07AAE4A427625000008914CF /* iOSTest.app */;
			productType = "com.apple.product-type.application";
		};
		07AAE4B927625005008914CF /* iOSTestTests */ = {
			isa = PBXNativeTarget;
			buildConfigurationList = 07AAE4D127625005008914CF /* Build configuration list for PBXNativeTarget "iOSTestTests" */;
			buildPhases = (
				A2F075AB58E248427A640422 /* [CP] Check Pods Manifest.lock */,
				07AAE4B627625005008914CF /* Sources */,
				07AAE4B727625005008914CF /* Frameworks */,
				07AAE4B827625005008914CF /* Resources */,
			);
			buildRules = (
			);
			dependencies = (
				07AAE4BC27625005008914CF /* PBXTargetDependency */,
			);
			name = iOSTestTests;
			productName = iOSTestTests;
			productReference = 07AAE4BA27625005008914CF /* iOSTestTests.xctest */;
			productType = "com.apple.product-type.bundle.unit-test";
		};
		07AAE4C327625005008914CF /* iOSTestUITests */ = {
			isa = PBXNativeTarget;
			buildConfigurationList = 07AAE4D427625005008914CF /* Build configuration list for PBXNativeTarget "iOSTestUITests" */;
			buildPhases = (
				6FD56E6528E06E8AC52CE191 /* [CP] Check Pods Manifest.lock */,
				07AAE4C027625005008914CF /* Sources */,
				07AAE4C127625005008914CF /* Frameworks */,
				07AAE4C227625005008914CF /* Resources */,
				01B1B8F5E5A449321ECBA435 /* [CP] Copy Pods Resources */,
			);
			buildRules = (
			);
			dependencies = (
				07AAE4C627625005008914CF /* PBXTargetDependency */,
			);
			name = iOSTestUITests;
			productName = iOSTestUITests;
			productReference = 07AAE4C427625005008914CF /* iOSTestUITests.xctest */;
			productType = "com.apple.product-type.bundle.ui-testing";
		};
/* End PBXNativeTarget section */

/* Begin PBXProject section */
		07AAE49C27625000008914CF /* Project object */ = {
			isa = PBXProject;
			attributes = {
				BuildIndependentTargetsInParallel = 1;
				LastSwiftUpdateCheck = 1300;
				LastUpgradeCheck = 1300;
				TargetAttributes = {
					07AAE4A327625000008914CF = {
						CreatedOnToolsVersion = 13.0;
					};
					07AAE4B927625005008914CF = {
						CreatedOnToolsVersion = 13.0;
						TestTargetID = 07AAE4A327625000008914CF;
					};
					07AAE4C327625005008914CF = {
						CreatedOnToolsVersion = 13.0;
						TestTargetID = 07AAE4A327625000008914CF;
					};
				};
			};
			buildConfigurationList = 07AAE49F27625000008914CF /* Build configuration list for PBXProject "iOSTest" */;
			compatibilityVersion = "Xcode 13.0";
			developmentRegion = en;
			hasScannedForEncodings = 0;
			knownRegions = (
				en,
				Base,
			);
			mainGroup = 07AAE49B27625000008914CF;
			productRefGroup = 07AAE4A527625000008914CF /* Products */;
			projectDirPath = "";
			projectRoot = "";
			targets = (
				07AAE4A327625000008914CF /* iOSTest */,
				07AAE4B927625005008914CF /* iOSTestTests */,
				07AAE4C327625005008914CF /* iOSTestUITests */,
			);
		};
/* End PBXProject section */

/* Begin PBXResourcesBuildPhase section */
		07AAE4A227625000008914CF /* Resources */ = {
			isa = PBXResourcesBuildPhase;
			buildActionMask = 2147483647;
			files = (
				07AAE4B427625005008914CF /* LaunchScreen.storyboard in Resources */,
				07AAE4B127625005008914CF /* Assets.xcassets in Resources */,
				07AAE4AF27625000008914CF /* Main.storyboard in Resources */,
			);
			runOnlyForDeploymentPostprocessing = 0;
		};
		07AAE4B827625005008914CF /* Resources */ = {
			isa = PBXResourcesBuildPhase;
			buildActionMask = 2147483647;
			files = (
			);
			runOnlyForDeploymentPostprocessing = 0;
		};
		07AAE4C227625005008914CF /* Resources */ = {
			isa = PBXResourcesBuildPhase;
			buildActionMask = 2147483647;
			files = (
			);
			runOnlyForDeploymentPostprocessing = 0;
		};
/* End PBXResourcesBuildPhase section */

/* Begin PBXShellScriptBuildPhase section */
		01B1B8F5E5A449321ECBA435 /* [CP] Copy Pods Resources */ = {
			isa = PBXShellScriptBuildPhase;
			buildActionMask = 2147483647;
			files = (
			);
			inputFileListPaths = (
				"${PODS_ROOT}/Target Support Files/Pods-iOSTest-iOSTestUITests/Pods-iOSTest-iOSTestUITests-resources-${CONFIGURATION}-input-files.xcfilelist",
			);
			name = "[CP] Copy Pods Resources";
			outputFileListPaths = (
				"${PODS_ROOT}/Target Support Files/Pods-iOSTest-iOSTestUITests/Pods-iOSTest-iOSTestUITests-resources-${CONFIGURATION}-output-files.xcfilelist",
			);
			runOnlyForDeploymentPostprocessing = 0;
			shellPath = /bin/sh;
			shellScript = "\"${PODS_ROOT}/Target Support Files/Pods-iOSTest-iOSTestUITests/Pods-iOSTest-iOSTestUITests-resources.sh\"\n";
			showEnvVarsInLog = 0;
		};
		339654DB604EA6D3288802EE /* [CP] Copy Pods Resources */ = {
			isa = PBXShellScriptBuildPhase;
			buildActionMask = 2147483647;
			files = (
			);
			inputFileListPaths = (
				"${PODS_ROOT}/Target Support Files/Pods-iOSTest/Pods-iOSTest-resources-${CONFIGURATION}-input-files.xcfilelist",
			);
			name = "[CP] Copy Pods Resources";
			outputFileListPaths = (
				"${PODS_ROOT}/Target Support Files/Pods-iOSTest/Pods-iOSTest-resources-${CONFIGURATION}-output-files.xcfilelist",
			);
			runOnlyForDeploymentPostprocessing = 0;
			shellPath = /bin/sh;
			shellScript = "\"${PODS_ROOT}/Target Support Files/Pods-iOSTest/Pods-iOSTest-resources.sh\"\n";
			showEnvVarsInLog = 0;
		};
		4966F4A7F8419609EE1FE1E2 /* [CP] Check Pods Manifest.lock */ = {
			isa = PBXShellScriptBuildPhase;
			buildActionMask = 2147483647;
			files = (
			);
			inputFileListPaths = (
			);
			inputPaths = (
				"${PODS_PODFILE_DIR_PATH}/Podfile.lock",
				"${PODS_ROOT}/Manifest.lock",
			);
			name = "[CP] Check Pods Manifest.lock";
			outputFileListPaths = (
			);
			outputPaths = (
				"$(DERIVED_FILE_DIR)/Pods-iOSTest-checkManifestLockResult.txt",
			);
			runOnlyForDeploymentPostprocessing = 0;
			shellPath = /bin/sh;
			shellScript = "diff \"${PODS_PODFILE_DIR_PATH}/Podfile.lock\" \"${PODS_ROOT}/Manifest.lock\" > /dev/null\nif [ $? != 0 ] ; then\n    # print error to STDERR\n    echo \"error: The sandbox is not in sync with the Podfile.lock. Run 'pod install' or update your CocoaPods installation.\" >&2\n    exit 1\nfi\n# This output is used by Xcode 'outputs' to avoid re-running this script phase.\necho \"SUCCESS\" > \"${SCRIPT_OUTPUT_FILE_0}\"\n";
			showEnvVarsInLog = 0;
		};
		6FD56E6528E06E8AC52CE191 /* [CP] Check Pods Manifest.lock */ = {
			isa = PBXShellScriptBuildPhase;
			buildActionMask = 2147483647;
			files = (
			);
			inputFileListPaths = (
			);
			inputPaths = (
				"${PODS_PODFILE_DIR_PATH}/Podfile.lock",
				"${PODS_ROOT}/Manifest.lock",
			);
			name = "[CP] Check Pods Manifest.lock";
			outputFileListPaths = (
			);
			outputPaths = (
				"$(DERIVED_FILE_DIR)/Pods-iOSTest-iOSTestUITests-checkManifestLockResult.txt",
			);
			runOnlyForDeploymentPostprocessing = 0;
			shellPath = /bin/sh;
			shellScript = "diff \"${PODS_PODFILE_DIR_PATH}/Podfile.lock\" \"${PODS_ROOT}/Manifest.lock\" > /dev/null\nif [ $? != 0 ] ; then\n    # print error to STDERR\n    echo \"error: The sandbox is not in sync with the Podfile.lock. Run 'pod install' or update your CocoaPods installation.\" >&2\n    exit 1\nfi\n# This output is used by Xcode 'outputs' to avoid re-running this script phase.\necho \"SUCCESS\" > \"${SCRIPT_OUTPUT_FILE_0}\"\n";
			showEnvVarsInLog = 0;
		};
		A2F075AB58E248427A640422 /* [CP] Check Pods Manifest.lock */ = {
			isa = PBXShellScriptBuildPhase;
			buildActionMask = 2147483647;
			files = (
			);
			inputFileListPaths = (
			);
			inputPaths = (
				"${PODS_PODFILE_DIR_PATH}/Podfile.lock",
				"${PODS_ROOT}/Manifest.lock",
			);
			name = "[CP] Check Pods Manifest.lock";
			outputFileListPaths = (
			);
			outputPaths = (
				"$(DERIVED_FILE_DIR)/Pods-iOSTestTests-checkManifestLockResult.txt",
			);
			runOnlyForDeploymentPostprocessing = 0;
			shellPath = /bin/sh;
			shellScript = "diff \"${PODS_PODFILE_DIR_PATH}/Podfile.lock\" \"${PODS_ROOT}/Manifest.lock\" > /dev/null\nif [ $? != 0 ] ; then\n    # print error to STDERR\n    echo \"error: The sandbox is not in sync with the Podfile.lock. Run 'pod install' or update your CocoaPods installation.\" >&2\n    exit 1\nfi\n# This output is used by Xcode 'outputs' to avoid re-running this script phase.\necho \"SUCCESS\" > \"${SCRIPT_OUTPUT_FILE_0}\"\n";
			showEnvVarsInLog = 0;
		};
/* End PBXShellScriptBuildPhase section */

/* Begin PBXSourcesBuildPhase section */
		07AAE4A027625000008914CF /* Sources */ = {
			isa = PBXSourcesBuildPhase;
			buildActionMask = 2147483647;
			files = (
				07AAE4AC27625000008914CF /* ViewController.swift in Sources */,
				07AAE4A827625000008914CF /* AppDelegate.swift in Sources */,
				07AAE4AA27625000008914CF /* SceneDelegate.swift in Sources */,
			);
			runOnlyForDeploymentPostprocessing = 0;
		};
		07AAE4B627625005008914CF /* Sources */ = {
			isa = PBXSourcesBuildPhase;
			buildActionMask = 2147483647;
			files = (
				07AAE4BF27625005008914CF /* iOSTestTests.swift in Sources */,
			);
			runOnlyForDeploymentPostprocessing = 0;
		};
		07AAE4C027625005008914CF /* Sources */ = {
			isa = PBXSourcesBuildPhase;
			buildActionMask = 2147483647;
			files = (
				07AAE4CB27625005008914CF /* iOSTestUITestsLaunchTests.swift in Sources */,
				07AAE4C927625005008914CF /* iOSTestUITests.swift in Sources */,
			);
			runOnlyForDeploymentPostprocessing = 0;
		};
/* End PBXSourcesBuildPhase section */

/* Begin PBXTargetDependency section */
		07AAE4BC27625005008914CF /* PBXTargetDependency */ = {
			isa = PBXTargetDependency;
			target = 07AAE4A327625000008914CF /* iOSTest */;
			targetProxy = 07AAE4BB27625005008914CF /* PBXContainerItemProxy */;
		};
		07AAE4C627625005008914CF /* PBXTargetDependency */ = {
			isa = PBXTargetDependency;
			target = 07AAE4A327625000008914CF /* iOSTest */;
			targetProxy = 07AAE4C527625005008914CF /* PBXContainerItemProxy */;
		};
/* End PBXTargetDependency section */

/* Begin PBXVariantGroup section */
		07AAE4AD27625000008914CF /* Main.storyboard */ = {
			isa = PBXVariantGroup;
			children = (
				07AAE4AE27625000008914CF /* Base */,
			);
			name = Main.storyboard;
			sourceTree = "<group>";
		};
		07AAE4B227625005008914CF /* LaunchScreen.storyboard */ = {
			isa = PBXVariantGroup;
			children = (
				07AAE4B327625005008914CF /* Base */,
			);
			name = LaunchScreen.storyboard;
			sourceTree = "<group>";
		};
/* End PBXVariantGroup section */

/* Begin XCBuildConfiguration section */
		07AAE4CC27625005008914CF /* Debug */ = {
			isa = XCBuildConfiguration;
			buildSettings = {
				ALWAYS_SEARCH_USER_PATHS = NO;
				CLANG_ANALYZER_NONNULL = YES;
				CLANG_ANALYZER_NUMBER_OBJECT_CONVERSION = YES_AGGRESSIVE;
				CLANG_CXX_LANGUAGE_STANDARD = "gnu++17";
				CLANG_CXX_LIBRARY = "libc++";
				CLANG_ENABLE_MODULES = YES;
				CLANG_ENABLE_OBJC_ARC = YES;
				CLANG_ENABLE_OBJC_WEAK = YES;
				CLANG_WARN_BLOCK_CAPTURE_AUTORELEASING = YES;
				CLANG_WARN_BOOL_CONVERSION = YES;
				CLANG_WARN_COMMA = YES;
				CLANG_WARN_CONSTANT_CONVERSION = YES;
				CLANG_WARN_DEPRECATED_OBJC_IMPLEMENTATIONS = YES;
				CLANG_WARN_DIRECT_OBJC_ISA_USAGE = YES_ERROR;
				CLANG_WARN_DOCUMENTATION_COMMENTS = YES;
				CLANG_WARN_EMPTY_BODY = YES;
				CLANG_WARN_ENUM_CONVERSION = YES;
				CLANG_WARN_INFINITE_RECURSION = YES;
				CLANG_WARN_INT_CONVERSION = YES;
				CLANG_WARN_NON_LITERAL_NULL_CONVERSION = YES;
				CLANG_WARN_OBJC_IMPLICIT_RETAIN_SELF = YES;
				CLANG_WARN_OBJC_LITERAL_CONVERSION = YES;
				CLANG_WARN_OBJC_ROOT_CLASS = YES_ERROR;
				CLANG_WARN_QUOTED_INCLUDE_IN_FRAMEWORK_HEADER = YES;
				CLANG_WARN_RANGE_LOOP_ANALYSIS = YES;
				CLANG_WARN_STRICT_PROTOTYPES = YES;
				CLANG_WARN_SUSPICIOUS_MOVE = YES;
				CLANG_WARN_UNGUARDED_AVAILABILITY = YES_AGGRESSIVE;
				CLANG_WARN_UNREACHABLE_CODE = YES;
				CLANG_WARN__DUPLICATE_METHOD_MATCH = YES;
				COPY_PHASE_STRIP = NO;
				DEBUG_INFORMATION_FORMAT = dwarf;
				ENABLE_STRICT_OBJC_MSGSEND = YES;
				ENABLE_TESTABILITY = YES;
				GCC_C_LANGUAGE_STANDARD = gnu11;
				GCC_DYNAMIC_NO_PIC = NO;
				GCC_NO_COMMON_BLOCKS = YES;
				GCC_OPTIMIZATION_LEVEL = 0;
				GCC_PREPROCESSOR_DEFINITIONS = (
					"DEBUG=1",
					"$(inherited)",
				);
				GCC_WARN_64_TO_32_BIT_CONVERSION = YES;
				GCC_WARN_ABOUT_RETURN_TYPE = YES_ERROR;
				GCC_WARN_UNDECLARED_SELECTOR = YES;
				GCC_WARN_UNINITIALIZED_AUTOS = YES_AGGRESSIVE;
				GCC_WARN_UNUSED_FUNCTION = YES;
				GCC_WARN_UNUSED_VARIABLE = YES;
				IPHONEOS_DEPLOYMENT_TARGET = 15.0;
				MTL_ENABLE_DEBUG_INFO = INCLUDE_SOURCE;
				MTL_FAST_MATH = YES;
				ONLY_ACTIVE_ARCH = YES;
				SDKROOT = iphoneos;
				SWIFT_ACTIVE_COMPILATION_CONDITIONS = DEBUG;
				SWIFT_OPTIMIZATION_LEVEL = "-Onone";
			};
			name = Debug;
		};
		07AAE4CD27625005008914CF /* Release */ = {
			isa = XCBuildConfiguration;
			buildSettings = {
				ALWAYS_SEARCH_USER_PATHS = NO;
				CLANG_ANALYZER_NONNULL = YES;
				CLANG_ANALYZER_NUMBER_OBJECT_CONVERSION = YES_AGGRESSIVE;
				CLANG_CXX_LANGUAGE_STANDARD = "gnu++17";
				CLANG_CXX_LIBRARY = "libc++";
				CLANG_ENABLE_MODULES = YES;
				CLANG_ENABLE_OBJC_ARC = YES;
				CLANG_ENABLE_OBJC_WEAK = YES;
				CLANG_WARN_BLOCK_CAPTURE_AUTORELEASING = YES;
				CLANG_WARN_BOOL_CONVERSION = YES;
				CLANG_WARN_COMMA = YES;
				CLANG_WARN_CONSTANT_CONVERSION = YES;
				CLANG_WARN_DEPRECATED_OBJC_IMPLEMENTATIONS = YES;
				CLANG_WARN_DIRECT_OBJC_ISA_USAGE = YES_ERROR;
				CLANG_WARN_DOCUMENTATION_COMMENTS = YES;
				CLANG_WARN_EMPTY_BODY = YES;
				CLANG_WARN_ENUM_CONVERSION = YES;
				CLANG_WARN_INFINITE_RECURSION = YES;
				CLANG_WARN_INT_CONVERSION = YES;
				CLANG_WARN_NON_LITERAL_NULL_CONVERSION = YES;
				CLANG_WARN_OBJC_IMPLICIT_RETAIN_SELF = YES;
				CLANG_WARN_OBJC_LITERAL_CONVERSION = YES;
				CLANG_WARN_OBJC_ROOT_CLASS = YES_ERROR;
				CLANG_WARN_QUOTED_INCLUDE_IN_FRAMEWORK_HEADER = YES;
				CLANG_WARN_RANGE_LOOP_ANALYSIS = YES;
				CLANG_WARN_STRICT_PROTOTYPES = YES;
				CLANG_WARN_SUSPICIOUS_MOVE = YES;
				CLANG_WARN_UNGUARDED_AVAILABILITY = YES_AGGRESSIVE;
				CLANG_WARN_UNREACHABLE_CODE = YES;
				CLANG_WARN__DUPLICATE_METHOD_MATCH = YES;
				COPY_PHASE_STRIP = NO;
				DEBUG_INFORMATION_FORMAT = "dwarf-with-dsym";
				ENABLE_NS_ASSERTIONS = NO;
				ENABLE_STRICT_OBJC_MSGSEND = YES;
				GCC_C_LANGUAGE_STANDARD = gnu11;
				GCC_NO_COMMON_BLOCKS = YES;
				GCC_WARN_64_TO_32_BIT_CONVERSION = YES;
				GCC_WARN_ABOUT_RETURN_TYPE = YES_ERROR;
				GCC_WARN_UNDECLARED_SELECTOR = YES;
				GCC_WARN_UNINITIALIZED_AUTOS = YES_AGGRESSIVE;
				GCC_WARN_UNUSED_FUNCTION = YES;
				GCC_WARN_UNUSED_VARIABLE = YES;
				IPHONEOS_DEPLOYMENT_TARGET = 15.0;
				MTL_ENABLE_DEBUG_INFO = NO;
				MTL_FAST_MATH = YES;
				SDKROOT = iphoneos;
				SWIFT_COMPILATION_MODE = wholemodule;
				SWIFT_OPTIMIZATION_LEVEL = "-O";
				VALIDATE_PRODUCT = YES;
			};
			name = Release;
		};
		07AAE4CF27625005008914CF /* Debug */ = {
			isa = XCBuildConfiguration;
			baseConfigurationReference = 06645CA9E80EFE505C23777E /* Pods-iOSTest.debug.xcconfig */;
			buildSettings = {
				ASSETCATALOG_COMPILER_APPICON_NAME = AppIcon;
				ASSETCATALOG_COMPILER_GLOBAL_ACCENT_COLOR_NAME = AccentColor;
				CODE_SIGN_STYLE = Automatic;
				CURRENT_PROJECT_VERSION = 1;
				GENERATE_INFOPLIST_FILE = YES;
				INFOPLIST_FILE = iOSTest/Info.plist;
				INFOPLIST_KEY_UIApplicationSupportsIndirectInputEvents = YES;
				INFOPLIST_KEY_UILaunchStoryboardName = LaunchScreen;
				INFOPLIST_KEY_UIMainStoryboardFile = Main;
				INFOPLIST_KEY_UISupportedInterfaceOrientations_iPad = "UIInterfaceOrientationPortrait UIInterfaceOrientationPortraitUpsideDown UIInterfaceOrientationLandscapeLeft UIInterfaceOrientationLandscapeRight";
				INFOPLIST_KEY_UISupportedInterfaceOrientations_iPhone = "UIInterfaceOrientationPortrait UIInterfaceOrientationLandscapeLeft UIInterfaceOrientationLandscapeRight";
				LD_RUNPATH_SEARCH_PATHS = (
					"$(inherited)",
					"@executable_path/Frameworks",
				);
				MARKETING_VERSION = 1.0;
				PRODUCT_BUNDLE_IDENTIFIER = com.beiduofen.iOSTest;
				PRODUCT_NAME = "$(TARGET_NAME)";
				SWIFT_EMIT_LOC_STRINGS = YES;
				SWIFT_VERSION = 5.0;
				TARGETED_DEVICE_FAMILY = "1,2";
			};
			name = Debug;
		};
		07AAE4D027625005008914CF /* Release */ = {
			isa = XCBuildConfiguration;
			baseConfigurationReference = 0BAB5E1209A030AD04EB9173 /* Pods-iOSTest.release.xcconfig */;
			buildSettings = {
				ASSETCATALOG_COMPILER_APPICON_NAME = AppIcon;
				ASSETCATALOG_COMPILER_GLOBAL_ACCENT_COLOR_NAME = AccentColor;
				CODE_SIGN_STYLE = Automatic;
				CURRENT_PROJECT_VERSION = 1;
				GENERATE_INFOPLIST_FILE = YES;
				INFOPLIST_FILE = iOSTest/Info.plist;
				INFOPLIST_KEY_UIApplicationSupportsIndirectInputEvents = YES;
				INFOPLIST_KEY_UILaunchStoryboardName = LaunchScreen;
				INFOPLIST_KEY_UIMainStoryboardFile = Main;
				INFOPLIST_KEY_UISupportedInterfaceOrientations_iPad = "UIInterfaceOrientationPortrait UIInterfaceOrientationPortraitUpsideDown UIInterfaceOrientationLandscapeLeft UIInterfaceOrientationLandscapeRight";
				INFOPLIST_KEY_UISupportedInterfaceOrientations_iPhone = "UIInterfaceOrientationPortrait UIInterfaceOrientationLandscapeLeft UIInterfaceOrientationLandscapeRight";
				LD_RUNPATH_SEARCH_PATHS = (
					"$(inherited)",
					"@executable_path/Frameworks",
				);
				MARKETING_VERSION = 1.0;
				PRODUCT_BUNDLE_IDENTIFIER = com.beiduofen.iOSTest;
				PRODUCT_NAME = "$(TARGET_NAME)";
				SWIFT_EMIT_LOC_STRINGS = YES;
				SWIFT_VERSION = 5.0;
				TARGETED_DEVICE_FAMILY = "1,2";
			};
			name = Release;
		};
		07AAE4D227625005008914CF /* Debug */ = {
			isa = XCBuildConfiguration;
			baseConfigurationReference = 056AFA10C8E6438BD399E1B0 /* Pods-iOSTestTests.debug.xcconfig */;
			buildSettings = {
				ALWAYS_EMBED_SWIFT_STANDARD_LIBRARIES = YES;
				BUNDLE_LOADER = "$(TEST_HOST)";
				CODE_SIGN_STYLE = Automatic;
				CURRENT_PROJECT_VERSION = 1;
				GENERATE_INFOPLIST_FILE = YES;
				IPHONEOS_DEPLOYMENT_TARGET = 15.0;
				LD_RUNPATH_SEARCH_PATHS = (
					"$(inherited)",
					"@executable_path/Frameworks",
					"@loader_path/Frameworks",
				);
				MARKETING_VERSION = 1.0;
				PRODUCT_BUNDLE_IDENTIFIER = com.beiduofen.iOSTestTests;
				PRODUCT_NAME = "$(TARGET_NAME)";
				SWIFT_EMIT_LOC_STRINGS = NO;
				SWIFT_VERSION = 5.0;
				TARGETED_DEVICE_FAMILY = "1,2";
				TEST_HOST = "$(BUILT_PRODUCTS_DIR)/iOSTest.app/iOSTest";
			};
			name = Debug;
		};
		07AAE4D327625005008914CF /* Release */ = {
			isa = XCBuildConfiguration;
			baseConfigurationReference = 63430D5E11819E4125E9A299 /* Pods-iOSTestTests.release.xcconfig */;
			buildSettings = {
				ALWAYS_EMBED_SWIFT_STANDARD_LIBRARIES = YES;
				BUNDLE_LOADER = "$(TEST_HOST)";
				CODE_SIGN_STYLE = Automatic;
				CURRENT_PROJECT_VERSION = 1;
				GENERATE_INFOPLIST_FILE = YES;
				IPHONEOS_DEPLOYMENT_TARGET = 15.0;
				LD_RUNPATH_SEARCH_PATHS = (
					"$(inherited)",
					"@executable_path/Frameworks",
					"@loader_path/Frameworks",
				);
				MARKETING_VERSION = 1.0;
				PRODUCT_BUNDLE_IDENTIFIER = com.beiduofen.iOSTestTests;
				PRODUCT_NAME = "$(TARGET_NAME)";
				SWIFT_EMIT_LOC_STRINGS = NO;
				SWIFT_VERSION = 5.0;
				TARGETED_DEVICE_FAMILY = "1,2";
				TEST_HOST = "$(BUILT_PRODUCTS_DIR)/iOSTest.app/iOSTest";
			};
			name = Release;
		};
		07AAE4D527625005008914CF /* Debug */ = {
			isa = XCBuildConfiguration;
			baseConfigurationReference = 1444DE8DC2BAC0D04AA740E0 /* Pods-iOSTest-iOSTestUITests.debug.xcconfig */;
			buildSettings = {
				ALWAYS_EMBED_SWIFT_STANDARD_LIBRARIES = YES;
				CODE_SIGN_STYLE = Automatic;
				CURRENT_PROJECT_VERSION = 1;
				GENERATE_INFOPLIST_FILE = YES;
				LD_RUNPATH_SEARCH_PATHS = (
					"$(inherited)",
					"@executable_path/Frameworks",
					"@loader_path/Frameworks",
				);
				MARKETING_VERSION = 1.0;
				PRODUCT_BUNDLE_IDENTIFIER = com.beiduofen.iOSTestUITests;
				PRODUCT_NAME = "$(TARGET_NAME)";
				SWIFT_EMIT_LOC_STRINGS = NO;
				SWIFT_VERSION = 5.0;
				TARGETED_DEVICE_FAMILY = "1,2";
				TEST_TARGET_NAME = iOSTest;
			};
			name = Debug;
		};
		07AAE4D627625005008914CF /* Release */ = {
			isa = XCBuildConfiguration;
			baseConfigurationReference = 196F1F13D6FF7D25D271C678 /* Pods-iOSTest-iOSTestUITests.release.xcconfig */;
			buildSettings = {
				ALWAYS_EMBED_SWIFT_STANDARD_LIBRARIES = YES;
				CODE_SIGN_STYLE = Automatic;
				CURRENT_PROJECT_VERSION = 1;
				GENERATE_INFOPLIST_FILE = YES;
				LD_RUNPATH_SEARCH_PATHS = (
					"$(inherited)",
					"@executable_path/Frameworks",
					"@loader_path/Frameworks",
				);
				MARKETING_VERSION = 1.0;
				PRODUCT_BUNDLE_IDENTIFIER = com.beiduofen.iOSTestUITests;
				PRODUCT_NAME = "$(TARGET_NAME)";
				SWIFT_EMIT_LOC_STRINGS = NO;
				SWIFT_VERSION = 5.0;
				TARGETED_DEVICE_FAMILY = "1,2";
				TEST_TARGET_NAME = iOSTest;
			};
			name = Release;
		};
/* End XCBuildConfiguration section */

/* Begin XCConfigurationList section */
		07AAE49F27625000008914CF /* Build configuration list for PBXProject "iOSTest" */ = {
			isa = XCConfigurationList;
			buildConfigurations = (
				07AAE4CC27625005008914CF /* Debug */,
				07AAE4CD27625005008914CF /* Release */,
			);
			defaultConfigurationIsVisible = 0;
			defaultConfigurationName = Release;
		};
		07AAE4CE27625005008914CF /* Build configuration list for PBXNativeTarget "iOSTest" */ = {
			isa = XCConfigurationList;
			buildConfigurations = (
				07AAE4CF27625005008914CF /* Debug */,
				07AAE4D027625005008914CF /* Release */,
			);
			defaultConfigurationIsVisible = 0;
			defaultConfigurationName = Release;
		};
		07AAE4D127625005008914CF /* Build configuration list for PBXNativeTarget "iOSTestTests" */ = {
			isa = XCConfigurationList;
			buildConfigurations = (
				07AAE4D227625005008914CF /* Debug */,
				07AAE4D327625005008914CF /* Release */,
			);
			defaultConfigurationIsVisible = 0;
			defaultConfigurationName = Release;
		};
		07AAE4D427625005008914CF /* Build configuration list for PBXNativeTarget "iOSTestUITests" */ = {
			isa = XCConfigurationList;
			buildConfigurations = (
				07AAE4D527625005008914CF /* Debug */,
				07AAE4D627625005008914CF /* Release */,
			);
			defaultConfigurationIsVisible = 0;
			defaultConfigurationName = Release;
		};
/* End XCConfigurationList section */
	};
	rootObject = 07AAE49C27625000008914CF /* Project object */;
}
